
Microsoft Visual Studio Solution File, Format Version 12.00
# Visual Studio 15
VisualStudioVersion = 15.0.27130.2024
MinimumVisualStudioVersion = 10.0.40219.1
Project("{FAE04EC0-301F-11D3-BF4B-00C04F79EFBC}") = "NS.BFX_amarin.Android", "NS.BFX_amarin\NS.BFX_amarin.Android\NS.BFX_amarin.Android.csproj", "{54E3A9E9-80BC-43BC-BF94-79CDDE732841}"
EndProject
Project("{FAE04EC0-301F-11D3-BF4B-00C04F79EFBC}") = "NS.BFX_amarin.iOS", "NS.BFX_amarin\NS.BFX_amarin.iOS\NS.BFX_amarin.iOS.csproj", "{C5791FE9-A1E2-4B63-B57B-8ACF74B22DE4}"
EndProject
Project("{FAE04EC0-301F-11D3-BF4B-00C04F79EFBC}") = "NS.BFX_amarin", "NS.BFX_amarin\NS.BFX_amarin\NS.BFX_amarin.csproj", "{40DF9A4D-BB89-477B-88EB-003139963584}"
EndProject
Global
	GlobalSection(SolutionConfigurationPlatforms) = preSolution
		Ad-Hoc|Any CPU = Ad-Hoc|Any CPU
		Ad-Hoc|iPhone = Ad-Hoc|iPhone
		Ad-Hoc|iPhoneSimulator = Ad-Hoc|iPhoneSimulator
		AppStore|Any CPU = AppStore|Any CPU
		AppStore|iPhone = AppStore|iPhone
		AppStore|iPhoneSimulator = AppStore|iPhoneSimulator
		Debug|Any CPU = Debug|Any CPU
		Debug|iPhone = Debug|iPhone
		Debug|iPhoneSimulator = Debug|iPhoneSimulator
		Release|Any CPU = Release|Any CPU
		Release|iPhone = Release|iPhone
		Release|iPhoneSimulator = Release|iPhoneSimulator
	EndGlobalSection
	GlobalSection(ProjectConfigurationPlatforms) = postSolution
		{54E3A9E9-80BC-43BC-BF94-79CDDE732841}.Ad-Hoc|Any CPU.ActiveCfg = Release|Any CPU
		{54E3A9E9-80BC-43BC-BF94-79CDDE732841}.Ad-Hoc|Any CPU.Build.0 = Release|Any CPU
		{54E3A9E9-80BC-43BC-BF94-79CDDE732841}.Ad-Hoc|Any CPU.Deploy.0 = Release|Any CPU
		{54E3A9E9-80BC-43BC-BF94-79CDDE732841}.Ad-Hoc|iPhone.ActiveCfg = Release|Any CPU
		{54E3A9E9-80BC-43BC-BF94-79CDDE732841}.Ad-Hoc|iPhone.Build.0 = Release|Any CPU
		{54E3A9E9-80BC-43BC-BF94-79CDDE732841}.Ad-Hoc|iPhone.Deploy.0 = Release|Any CPU
		{54E3A9E9-80BC-43BC-BF94-79CDDE732841}.Ad-Hoc|iPhoneSimulator.ActiveCfg = Release|Any CPU
		{54E3A9E9-80BC-43BC-BF94-79CDDE732841}.Ad-Hoc|iPhoneSimulator.Build.0 = Release|Any CPU
		{54E3A9E9-80BC-43BC-BF94-79CDDE732841}.Ad-Hoc|iPhoneSimulator.Deploy.0 = Release|Any CPU
		{54E3A9E9-80BC-43BC-BF94-79CDDE732841}.AppStore|Any CPU.ActiveCfg = Release|Any CPU
		{54E3A9E9-80BC-43BC-BF94-79CDDE732841}.AppStore|Any CPU.Build.0 = Release|Any CPU
		{54E3A9E9-80BC-43BC-BF94-79CDDE732841}.AppStore|Any CPU.Deploy.0 = Release|Any CPU
		{54E3A9E9-80BC-43BC-BF94-79CDDE732841}.AppStore|iPhone.ActiveCfg = Release|Any CPU
		{54E3A9E9-80BC-43BC-BF94-79CDDE732841}.AppStore|iPhone.Build.0 = Release|Any CPU
		{54E3A9E9-80BC-43BC-BF94-79CDDE732841}.AppStore|iPhone.Deploy.0 = Release|Any CPU
		{54E3A9E9-80BC-43BC-BF94-79CDDE732841}.AppStore|iPhoneSimulator.ActiveCfg = Release|Any CPU
		{54E3A9E9-80BC-43BC-BF94-79CDDE732841}.AppStore|iPhoneSimulator.Build.0 = Release|Any CPU
		{54E3A9E9-80BC-43BC-BF94-79CDDE732841}.AppStore|iPhoneSimulator.Deploy.0 = Release|Any CPU
		{54E3A9E9-80BC-43BC-BF94-79CDDE732841}.Debug|Any CPU.ActiveCfg = Debug|Any CPU
		{54E3A9E9-80BC-43BC-BF94-79CDDE732841}.Debug|Any CPU.Build.0 = Debug|Any CPU
		{54E3A9E9-80BC-43BC-BF94-79CDDE732841}.Debug|Any CPU.Deploy.0 = Debug|Any CPU
		{54E3A9E9-80BC-43BC-BF94-79CDDE732841}.Debug|iPhone.ActiveCfg = Debug|Any CPU
		{54E3A9E9-80BC-43BC-BF94-79CDDE732841}.Debug|iPhone.Build.0 = Debug|Any CPU
		{54E3A9E9-80BC-43BC-BF94-79CDDE732841}.Debug|iPhone.Deploy.0 = Debug|Any CPU
		{54E3A9E9-80BC-43BC-BF94-79CDDE732841}.Debug|iPhoneSimulator.ActiveCfg = Debug|Any CPU
		{54E3A9E9-80BC-43BC-BF94-79CDDE732841}.Debug|iPhoneSimulator.Build.0 = Debug|Any CPU
		{54E3A9E9-80BC-43BC-BF94-79CDDE732841}.Debug|iPhoneSimulator.Deploy.0 = Debug|Any CPU
		{54E3A9E9-80BC-43BC-BF94-79CDDE732841}.Release|Any CPU.ActiveCfg = Release|Any CPU
		{54E3A9E9-80BC-43BC-BF94-79CDDE732841}.Release|Any CPU.Build.0 = Release|Any CPU
		{54E3A9E9-80BC-43BC-BF94-79CDDE732841}.Release|Any CPU.Deploy.0 = Release|Any CPU
		{54E3A9E9-80BC-43BC-BF94-79CDDE732841}.Release|iPhone.ActiveCfg = Release|Any CPU
		{54E3A9E9-80BC-43BC-BF94-79CDDE732841}.Release|iPhone.Build.0 = Release|Any CPU
		{54E3A9E9-80BC-43BC-BF94-79CDDE732841}.Release|iPhone.Deploy.0 = Release|Any CPU
		{54E3A9E9-80BC-43BC-BF94-79CDDE732841}.Release|iPhoneSimulator.ActiveCfg = Release|Any CPU
		{54E3A9E9-80BC-43BC-BF94-79CDDE732841}.Release|iPhoneSimulator.Build.0 = Release|Any CPU
		{54E3A9E9-80BC-43BC-BF94-79CDDE732841}.Release|iPhoneSimulator.Deploy.0 = Release|Any CPU
		{C5791FE9-A1E2-4B63-B57B-8ACF74B22DE4}.Ad-Hoc|Any CPU.ActiveCfg = Ad-Hoc|iPhone
		{C5791FE9-A1E2-4B63-B57B-8ACF74B22DE4}.Ad-Hoc|iPhone.ActiveCfg = Ad-Hoc|iPhone
		{C5791FE9-A1E2-4B63-B57B-8ACF74B22DE4}.Ad-Hoc|iPhone.Build.0 = Ad-Hoc|iPhone
		{C5791FE9-A1E2-4B63-B57B-8ACF74B22DE4}.Ad-Hoc|iPhoneSimulator.ActiveCfg = Ad-Hoc|iPhoneSimulator
		{C5791FE9-A1E2-4B63-B57B-8ACF74B22DE4}.Ad-Hoc|iPhoneSimulator.Build.0 = Ad-Hoc|iPhoneSimulator
		{C5791FE9-A1E2-4B63-B57B-8ACF74B22DE4}.AppStore|Any CPU.ActiveCfg = AppStore|iPhone
		{C5791FE9-A1E2-4B63-B57B-8ACF74B22DE4}.AppStore|iPhone.ActiveCfg = AppStore|iPhone
		{C5791FE9-A1E2-4B63-B57B-8ACF74B22DE4}.AppStore|iPhone.Build.0 = AppStore|iPhone
		{C5791FE9-A1E2-4B63-B57B-8ACF74B22DE4}.AppStore|iPhoneSimulator.ActiveCfg = AppStore|iPhoneSimulator
		{C5791FE9-A1E2-4B63-B57B-8ACF74B22DE4}.AppStore|iPhoneSimulator.Build.0 = AppStore|iPhoneSimulator
		{C5791FE9-A1E2-4B63-B57B-8ACF74B22DE4}.Debug|Any CPU.ActiveCfg = Debug|iPhone
		{C5791FE9-A1E2-4B63-B57B-8ACF74B22DE4}.Debug|iPhone.ActiveCfg = Debug|iPhone
		{C5791FE9-A1E2-4B63-B57B-8ACF74B22DE4}.Debug|iPhone.Build.0 = Debug|iPhone
		{C5791FE9-A1E2-4B63-B57B-8ACF74B22DE4}.Debug|iPhoneSimulator.ActiveCfg = Debug|iPhoneSimulator
		{C5791FE9-A1E2-4B63-B57B-8ACF74B22DE4}.Debug|iPhoneSimulator.Build.0 = Debug|iPhoneSimulator
		{C5791FE9-A1E2-4B63-B57B-8ACF74B22DE4}.Release|Any CPU.ActiveCfg = Release|iPhone
		{C5791FE9-A1E2-4B63-B57B-8ACF74B22DE4}.Release|iPhone.ActiveCfg = Release|iPhone
		{C5791FE9-A1E2-4B63-B57B-8ACF74B22DE4}.Release|iPhone.Build.0 = Release|iPhone
		{C5791FE9-A1E2-4B63-B57B-8ACF74B22DE4}.Release|iPhoneSimulator.ActiveCfg = Release|iPhoneSimulator
		{C5791FE9-A1E2-4B63-B57B-8ACF74B22DE4}.Release|iPhoneSimulator.Build.0 = Release|iPhoneSimulator
		{40DF9A4D-BB89-477B-88EB-003139963584}.Ad-Hoc|Any CPU.ActiveCfg = Debug|Any CPU
		{40DF9A4D-BB89-477B-88EB-003139963584}.Ad-Hoc|Any CPU.Build.0 = Debug|Any CPU
		{40DF9A4D-BB89-477B-88EB-003139963584}.Ad-Hoc|iPhone.ActiveCfg = Debug|Any CPU
		{40DF9A4D-BB89-477B-88EB-003139963584}.Ad-Hoc|iPhone.Build.0 = Debug|Any CPU
		{40DF9A4D-BB89-477B-88EB-003139963584}.Ad-Hoc|iPhoneSimulator.ActiveCfg = Debug|Any CPU
		{40DF9A4D-BB89-477B-88EB-003139963584}.Ad-Hoc|iPhoneSimulator.Build.0 = Debug|Any CPU
		{40DF9A4D-BB89-477B-88EB-003139963584}.AppStore|Any CPU.ActiveCfg = Debug|Any CPU
		{40DF9A4D-BB89-477B-88EB-003139963584}.AppStore|Any CPU.Build.0 = Debug|Any CPU
		{40DF9A4D-BB89-477B-88EB-003139963584}.AppStore|iPhone.ActiveCfg = Debug|Any CPU
		{40DF9A4D-BB89-477B-88EB-003139963584}.AppStore|iPhone.Build.0 = Debug|Any CPU
		{40DF9A4D-BB89-477B-88EB-003139963584}.AppStore|iPhoneSimulator.ActiveCfg = Debug|Any CPU
		{40DF9A4D-BB89-477B-88EB-003139963584}.AppStore|iPhoneSimulator.Build.0 = Debug|Any CPU
		{40DF9A4D-BB89-477B-88EB-003139963584}.Debug|Any CPU.ActiveCfg = Debug|Any CPU
		{40DF9A4D-BB89-477B-88EB-003139963584}.Debug|Any CPU.Build.0 = Debug|Any CPU
		{40DF9A4D-BB89-477B-88EB-003139963584}.Debug|iPhone.ActiveCfg = Debug|Any CPU
		{40DF9A4D-BB89-477B-88EB-003139963584}.Debug|iPhone.Build.0 = Debug|Any CPU
		{40DF9A4D-BB89-477B-88EB-003139963584}.Debug|iPhoneSimulator.ActiveCfg = Debug|Any CPU
		{40DF9A4D-BB89-477B-88EB-003139963584}.Debug|iPhoneSimulator.Build.0 = Debug|Any CPU
		{40DF9A4D-BB89-477B-88EB-003139963584}.Release|Any CPU.ActiveCfg = Release|Any CPU
		{40DF9A4D-BB89-477B-88EB-003139963584}.Release|Any CPU.Build.0 = Release|Any CPU
		{40DF9A4D-BB89-477B-88EB-003139963584}.Release|iPhone.ActiveCfg = Release|Any CPU
		{40DF9A4D-BB89-477B-88EB-003139963584}.Release|iPhone.Build.0 = Release|Any CPU
		{40DF9A4D-BB89-477B-88EB-003139963584}.Release|iPhoneSimulator.ActiveCfg = Release|Any CPU
		{40DF9A4D-BB89-477B-88EB-003139963584}.Release|iPhoneSimulator.Build.0 = Release|Any CPU
	EndGlobalSection
	GlobalSection(SolutionProperties) = preSolution
		HideSolutionNode = FALSE
	EndGlobalSection
	GlobalSection(ExtensibilityGlobals) = postSolution
		SolutionGuid = {1F0A6BFD-F514-42A0-B3D6-BEE3AE9E3C45}
	EndGlobalSection
EndGlobal
